// !$*UTF8*$!
{
	archiveVersion = 1;
	classes = {
	};
	objectVersion = 55;
	objects = {

/* Begin PBXBuildFile section */
		7BA29AD52887393D004C2AFC /* AppDelegate.swift in Sources */ = {isa = PBXBuildFile; fileRef = 7BA29AD42887393D004C2AFC /* AppDelegate.swift */; };
		7BA29AD72887393D004C2AFC /* SceneDelegate.swift in Sources */ = {isa = PBXBuildFile; fileRef = 7BA29AD62887393D004C2AFC /* SceneDelegate.swift */; };
		7BA29AD92887393D004C2AFC /* ViewController.swift in Sources */ = {isa = PBXBuildFile; fileRef = 7BA29AD82887393D004C2AFC /* ViewController.swift */; };
		7BA29ADC2887393D004C2AFC /* Main.storyboard in Resources */ = {isa = PBXBuildFile; fileRef = 7BA29ADA2887393D004C2AFC /* Main.storyboard */; };
		7BA29ADF2887393D004C2AFC /* Bloom___Final_Project.xcdatamodeld in Sources */ = {isa = PBXBuildFile; fileRef = 7BA29ADD2887393D004C2AFC /* Bloom___Final_Project.xcdatamodeld */; };
		7BA29AE12887393F004C2AFC /* Assets.xcassets in Resources */ = {isa = PBXBuildFile; fileRef = 7BA29AE02887393F004C2AFC /* Assets.xcassets */; };
		7BA29AE42887393F004C2AFC /* LaunchScreen.storyboard in Resources */ = {isa = PBXBuildFile; fileRef = 7BA29AE22887393F004C2AFC /* LaunchScreen.storyboard */; };
		7BA29AEF2887393F004C2AFC /* Bloom___Final_ProjectTests.swift in Sources */ = {isa = PBXBuildFile; fileRef = 7BA29AEE2887393F004C2AFC /* Bloom___Final_ProjectTests.swift */; };
		7BA29AF92887393F004C2AFC /* Bloom___Final_ProjectUITests.swift in Sources */ = {isa = PBXBuildFile; fileRef = 7BA29AF82887393F004C2AFC /* Bloom___Final_ProjectUITests.swift */; };
		7BA29AFB2887393F004C2AFC /* Bloom___Final_ProjectUITestsLaunchTests.swift in Sources */ = {isa = PBXBuildFile; fileRef = 7BA29AFA2887393F004C2AFC /* Bloom___Final_ProjectUITestsLaunchTests.swift */; };
		7BA29B3228888AD8004C2AFC /* Gaegu-Light.ttf in Resources */ = {isa = PBXBuildFile; fileRef = 7BA29B2F28888AD7004C2AFC /* Gaegu-Light.ttf */; };
		7BA29B3328888AD8004C2AFC /* Gaegu-Regular.ttf in Resources */ = {isa = PBXBuildFile; fileRef = 7BA29B3028888AD7004C2AFC /* Gaegu-Regular.ttf */; };
		7BA29B3428888AD8004C2AFC /* Gaegu-Bold.ttf in Resources */ = {isa = PBXBuildFile; fileRef = 7BA29B3128888AD7004C2AFC /* Gaegu-Bold.ttf */; };
		7BA29B3628888B5A004C2AFC /* Gaegu in Resources */ = {isa = PBXBuildFile; fileRef = 7BA29B3528888B5A004C2AFC /* Gaegu */; };
		7BA29B38288A339E004C2AFC /* QuizViewController.swift in Sources */ = {isa = PBXBuildFile; fileRef = 7BA29B37288A339E004C2AFC /* QuizViewController.swift */; };
		7BA29B3A288A4500004C2AFC /* EmailViewController.swift in Sources */ = {isa = PBXBuildFile; fileRef = 7BA29B39288A4500004C2AFC /* EmailViewController.swift */; };
		8542B7CF28891A0100DBAE02 /* ToDoTableViewController.swift in Sources */ = {isa = PBXBuildFile; fileRef = 8542B7CE28891A0100DBAE02 /* ToDoTableViewController.swift */; };
		8542B7D128891A3200DBAE02 /* ToDo.swift in Sources */ = {isa = PBXBuildFile; fileRef = 8542B7D028891A3200DBAE02 /* ToDo.swift */; };
		8542B7D328892E4B00DBAE02 /* CompleteToDoViewController.swift in Sources */ = {isa = PBXBuildFile; fileRef = 8542B7D228892E4B00DBAE02 /* CompleteToDoViewController.swift */; };
		BD66B4272889D4AC008AA1AD /* PetitionsViewController.swift in Sources */ = {isa = PBXBuildFile; fileRef = BD66B4262889D4AC008AA1AD /* PetitionsViewController.swift */; };
/* End PBXBuildFile section */

/* Begin PBXContainerItemProxy section */
		7BA29AEB2887393F004C2AFC /* PBXContainerItemProxy */ = {
			isa = PBXContainerItemProxy;
			containerPortal = 7BA29AC92887393D004C2AFC /* Project object */;
			proxyType = 1;
			remoteGlobalIDString = 7BA29AD02887393D004C2AFC;
			remoteInfo = "Bloom - Final Project";
		};
		7BA29AF52887393F004C2AFC /* PBXContainerItemProxy */ = {
			isa = PBXContainerItemProxy;
			containerPortal = 7BA29AC92887393D004C2AFC /* Project object */;
			proxyType = 1;
			remoteGlobalIDString = 7BA29AD02887393D004C2AFC;
			remoteInfo = "Bloom - Final Project";
		};
/* End PBXContainerItemProxy section */

/* Begin PBXFileReference section */
		7BA29AD12887393D004C2AFC /* Bloom - Final Project.app */ = {isa = PBXFileReference; explicitFileType = wrapper.application; includeInIndex = 0; path = "Bloom - Final Project.app"; sourceTree = BUILT_PRODUCTS_DIR; };
		7BA29AD42887393D004C2AFC /* AppDelegate.swift */ = {isa = PBXFileReference; lastKnownFileType = sourcecode.swift; path = AppDelegate.swift; sourceTree = "<group>"; };
		7BA29AD62887393D004C2AFC /* SceneDelegate.swift */ = {isa = PBXFileReference; lastKnownFileType = sourcecode.swift; path = SceneDelegate.swift; sourceTree = "<group>"; };
		7BA29AD82887393D004C2AFC /* ViewController.swift */ = {isa = PBXFileReference; lastKnownFileType = sourcecode.swift; path = ViewController.swift; sourceTree = "<group>"; };
		7BA29ADB2887393D004C2AFC /* Base */ = {isa = PBXFileReference; lastKnownFileType = file.storyboard; name = Base; path = Base.lproj/Main.storyboard; sourceTree = "<group>"; };
		7BA29ADE2887393D004C2AFC /* Bloom___Final_Project.xcdatamodel */ = {isa = PBXFileReference; lastKnownFileType = wrapper.xcdatamodel; path = "Bloom___Final_Project.xcdatamodel"; sourceTree = "<group>"; };
		7BA29AE02887393F004C2AFC /* Assets.xcassets */ = {isa = PBXFileReference; lastKnownFileType = folder.assetcatalog; path = Assets.xcassets; sourceTree = "<group>"; };
		7BA29AE32887393F004C2AFC /* Base */ = {isa = PBXFileReference; lastKnownFileType = file.storyboard; name = Base; path = Base.lproj/LaunchScreen.storyboard; sourceTree = "<group>"; };
		7BA29AE52887393F004C2AFC /* Info.plist */ = {isa = PBXFileReference; lastKnownFileType = text.plist.xml; path = Info.plist; sourceTree = "<group>"; };
		7BA29AEA2887393F004C2AFC /* Bloom - Final ProjectTests.xctest */ = {isa = PBXFileReference; explicitFileType = wrapper.cfbundle; includeInIndex = 0; path = "Bloom - Final ProjectTests.xctest"; sourceTree = BUILT_PRODUCTS_DIR; };
		7BA29AEE2887393F004C2AFC /* Bloom___Final_ProjectTests.swift */ = {isa = PBXFileReference; lastKnownFileType = sourcecode.swift; path = "Bloom___Final_ProjectTests.swift"; sourceTree = "<group>"; };
		7BA29AF42887393F004C2AFC /* Bloom - Final ProjectUITests.xctest */ = {isa = PBXFileReference; explicitFileType = wrapper.cfbundle; includeInIndex = 0; path = "Bloom - Final ProjectUITests.xctest"; sourceTree = BUILT_PRODUCTS_DIR; };
		7BA29AF82887393F004C2AFC /* Bloom___Final_ProjectUITests.swift */ = {isa = PBXFileReference; lastKnownFileType = sourcecode.swift; path = "Bloom___Final_ProjectUITests.swift"; sourceTree = "<group>"; };
		7BA29AFA2887393F004C2AFC /* Bloom___Final_ProjectUITestsLaunchTests.swift */ = {isa = PBXFileReference; lastKnownFileType = sourcecode.swift; path = "Bloom___Final_ProjectUITestsLaunchTests.swift"; sourceTree = "<group>"; };
		7BA29B2F28888AD7004C2AFC /* Gaegu-Light.ttf */ = {isa = PBXFileReference; lastKnownFileType = file; name = "Gaegu-Light.ttf"; path = "Bloom - Final Project/Gaegu/Gaegu-Light.ttf"; sourceTree = "<group>"; };
		7BA29B3028888AD7004C2AFC /* Gaegu-Regular.ttf */ = {isa = PBXFileReference; lastKnownFileType = file; name = "Gaegu-Regular.ttf"; path = "Bloom - Final Project/Gaegu/Gaegu-Regular.ttf"; sourceTree = "<group>"; };
		7BA29B3128888AD7004C2AFC /* Gaegu-Bold.ttf */ = {isa = PBXFileReference; lastKnownFileType = file; name = "Gaegu-Bold.ttf"; path = "Bloom - Final Project/Gaegu/Gaegu-Bold.ttf"; sourceTree = "<group>"; };
		7BA29B3528888B5A004C2AFC /* Gaegu */ = {isa = PBXFileReference; lastKnownFileType = folder; path = Gaegu; sourceTree = "<group>"; };
		7BA29B37288A339E004C2AFC /* QuizViewController.swift */ = {isa = PBXFileReference; lastKnownFileType = sourcecode.swift; path = QuizViewController.swift; sourceTree = "<group>"; };
		7BA29B39288A4500004C2AFC /* EmailViewController.swift */ = {isa = PBXFileReference; lastKnownFileType = sourcecode.swift; path = EmailViewController.swift; sourceTree = "<group>"; };
		8542B7CE28891A0100DBAE02 /* ToDoTableViewController.swift */ = {isa = PBXFileReference; lastKnownFileType = sourcecode.swift; path = ToDoTableViewController.swift; sourceTree = "<group>"; };
		8542B7D028891A3200DBAE02 /* ToDo.swift */ = {isa = PBXFileReference; lastKnownFileType = sourcecode.swift; path = ToDo.swift; sourceTree = "<group>"; };
		8542B7D228892E4B00DBAE02 /* CompleteToDoViewController.swift */ = {isa = PBXFileReference; lastKnownFileType = sourcecode.swift; path = CompleteToDoViewController.swift; sourceTree = "<group>"; };
		BD66B4262889D4AC008AA1AD /* PetitionsViewController.swift */ = {isa = PBXFileReference; lastKnownFileType = sourcecode.swift; path = PetitionsViewController.swift; sourceTree = "<group>"; };
/* End PBXFileReference section */

/* Begin PBXFrameworksBuildPhase section */
		7BA29ACE2887393D004C2AFC /* Frameworks */ = {
			isa = PBXFrameworksBuildPhase;
			buildActionMask = 2147483647;
			files = (
			);
			runOnlyForDeploymentPostprocessing = 0;
		};
		7BA29AE72887393F004C2AFC /* Frameworks */ = {
			isa = PBXFrameworksBuildPhase;
			buildActionMask = 2147483647;
			files = (
			);
			runOnlyForDeploymentPostprocessing = 0;
		};
		7BA29AF12887393F004C2AFC /* Frameworks */ = {
			isa = PBXFrameworksBuildPhase;
			buildActionMask = 2147483647;
			files = (
			);
			runOnlyForDeploymentPostprocessing = 0;
		};
/* End PBXFrameworksBuildPhase section */

/* Begin PBXGroup section */
		7BA29AC82887393D004C2AFC = {
			isa = PBXGroup;
			children = (
				BD66B4262889D4AC008AA1AD /* PetitionsViewController.swift */,
				8542B7D228892E4B00DBAE02 /* CompleteToDoViewController.swift */,
				8542B7D028891A3200DBAE02 /* ToDo.swift */,
				8542B7CE28891A0100DBAE02 /* ToDoTableViewController.swift */,
				7BA29B3128888AD7004C2AFC /* Gaegu-Bold.ttf */,
				7BA29B2F28888AD7004C2AFC /* Gaegu-Light.ttf */,
				7BA29B3028888AD7004C2AFC /* Gaegu-Regular.ttf */,
				7BA29AD32887393D004C2AFC /* Bloom - Final Project */,
				7BA29AED2887393F004C2AFC /* Bloom - Final ProjectTests */,
				7BA29AF72887393F004C2AFC /* Bloom - Final ProjectUITests */,
				7BA29AD22887393D004C2AFC /* Products */,
			);
			sourceTree = "<group>";
		};
		7BA29AD22887393D004C2AFC /* Products */ = {
			isa = PBXGroup;
			children = (
				7BA29AD12887393D004C2AFC /* Bloom - Final Project.app */,
				7BA29AEA2887393F004C2AFC /* Bloom - Final ProjectTests.xctest */,
				7BA29AF42887393F004C2AFC /* Bloom - Final ProjectUITests.xctest */,
			);
			name = Products;
			sourceTree = "<group>";
		};
		7BA29AD32887393D004C2AFC /* Bloom - Final Project */ = {
			isa = PBXGroup;
			children = (
				7BA29B37288A339E004C2AFC /* QuizViewController.swift */,
				7BA29B39288A4500004C2AFC /* EmailViewController.swift */,
				7BA29AD42887393D004C2AFC /* AppDelegate.swift */,
				7BA29AD62887393D004C2AFC /* SceneDelegate.swift */,
				7BA29AD82887393D004C2AFC /* ViewController.swift */,
				7BA29ADA2887393D004C2AFC /* Main.storyboard */,
				7BA29AE02887393F004C2AFC /* Assets.xcassets */,
				7BA29AE22887393F004C2AFC /* LaunchScreen.storyboard */,
				7BA29AE52887393F004C2AFC /* Info.plist */,
				7BA29B3528888B5A004C2AFC /* Gaegu */,
				7BA29ADD2887393D004C2AFC /* Bloom___Final_Project.xcdatamodeld */,
			);
			path = "Bloom - Final Project";
			sourceTree = "<group>";
		};
		7BA29AED2887393F004C2AFC /* Bloom - Final ProjectTests */ = {
			isa = PBXGroup;
			children = (
				7BA29AEE2887393F004C2AFC /* Bloom___Final_ProjectTests.swift */,
			);
			path = "Bloom - Final ProjectTests";
			sourceTree = "<group>";
		};
		7BA29AF72887393F004C2AFC /* Bloom - Final ProjectUITests */ = {
			isa = PBXGroup;
			children = (
				7BA29AF82887393F004C2AFC /* Bloom___Final_ProjectUITests.swift */,
				7BA29AFA2887393F004C2AFC /* Bloom___Final_ProjectUITestsLaunchTests.swift */,
			);
			path = "Bloom - Final ProjectUITests";
			sourceTree = "<group>";
		};
/* End PBXGroup section */

/* Begin PBXNativeTarget section */
		7BA29AD02887393D004C2AFC /* Bloom - Final Project */ = {
			isa = PBXNativeTarget;
			buildConfigurationList = 7BA29AFE2887393F004C2AFC /* Build configuration list for PBXNativeTarget "Bloom - Final Project" */;
			buildPhases = (
				7BA29ACD2887393D004C2AFC /* Sources */,
				7BA29ACE2887393D004C2AFC /* Frameworks */,
				7BA29ACF2887393D004C2AFC /* Resources */,
			);
			buildRules = (
			);
			dependencies = (
			);
			name = "Bloom - Final Project";
			productName = "Bloom - Final Project";
			productReference = 7BA29AD12887393D004C2AFC /* Bloom - Final Project.app */;
			productType = "com.apple.product-type.application";
		};
		7BA29AE92887393F004C2AFC /* Bloom - Final ProjectTests */ = {
			isa = PBXNativeTarget;
			buildConfigurationList = 7BA29B012887393F004C2AFC /* Build configuration list for PBXNativeTarget "Bloom - Final ProjectTests" */;
			buildPhases = (
				7BA29AE62887393F004C2AFC /* Sources */,
				7BA29AE72887393F004C2AFC /* Frameworks */,
				7BA29AE82887393F004C2AFC /* Resources */,
			);
			buildRules = (
			);
			dependencies = (
				7BA29AEC2887393F004C2AFC /* PBXTargetDependency */,
			);
			name = "Bloom - Final ProjectTests";
			productName = "Bloom - Final ProjectTests";
			productReference = 7BA29AEA2887393F004C2AFC /* Bloom - Final ProjectTests.xctest */;
			productType = "com.apple.product-type.bundle.unit-test";
		};
		7BA29AF32887393F004C2AFC /* Bloom - Final ProjectUITests */ = {
			isa = PBXNativeTarget;
			buildConfigurationList = 7BA29B042887393F004C2AFC /* Build configuration list for PBXNativeTarget "Bloom - Final ProjectUITests" */;
			buildPhases = (
				7BA29AF02887393F004C2AFC /* Sources */,
				7BA29AF12887393F004C2AFC /* Frameworks */,
				7BA29AF22887393F004C2AFC /* Resources */,
			);
			buildRules = (
			);
			dependencies = (
				7BA29AF62887393F004C2AFC /* PBXTargetDependency */,
			);
			name = "Bloom - Final ProjectUITests";
			productName = "Bloom - Final ProjectUITests";
			productReference = 7BA29AF42887393F004C2AFC /* Bloom - Final ProjectUITests.xctest */;
			productType = "com.apple.product-type.bundle.ui-testing";
		};
/* End PBXNativeTarget section */

/* Begin PBXProject section */
		7BA29AC92887393D004C2AFC /* Project object */ = {
			isa = PBXProject;
			attributes = {
				BuildIndependentTargetsInParallel = 1;
				LastSwiftUpdateCheck = 1340;
				LastUpgradeCheck = 1340;
				TargetAttributes = {
					7BA29AD02887393D004C2AFC = {
						CreatedOnToolsVersion = 13.4.1;
					};
					7BA29AE92887393F004C2AFC = {
						CreatedOnToolsVersion = 13.4.1;
						TestTargetID = 7BA29AD02887393D004C2AFC;
					};
					7BA29AF32887393F004C2AFC = {
						CreatedOnToolsVersion = 13.4.1;
						TestTargetID = 7BA29AD02887393D004C2AFC;
					};
				};
			};
			buildConfigurationList = 7BA29ACC2887393D004C2AFC /* Build configuration list for PBXProject "Bloom - Final Project" */;
			compatibilityVersion = "Xcode 13.0";
			developmentRegion = en;
			hasScannedForEncodings = 0;
			knownRegions = (
				en,
				Base,
			);
			mainGroup = 7BA29AC82887393D004C2AFC;
			productRefGroup = 7BA29AD22887393D004C2AFC /* Products */;
			projectDirPath = "";
			projectRoot = "";
			targets = (
				7BA29AD02887393D004C2AFC /* Bloom - Final Project */,
				7BA29AE92887393F004C2AFC /* Bloom - Final ProjectTests */,
				7BA29AF32887393F004C2AFC /* Bloom - Final ProjectUITests */,
			);
		};
/* End PBXProject section */

/* Begin PBXResourcesBuildPhase section */
		7BA29ACF2887393D004C2AFC /* Resources */ = {
			isa = PBXResourcesBuildPhase;
			buildActionMask = 2147483647;
			files = (
				7BA29B3628888B5A004C2AFC /* Gaegu in Resources */,
				7BA29B3228888AD8004C2AFC /* Gaegu-Light.ttf in Resources */,
				7BA29B3328888AD8004C2AFC /* Gaegu-Regular.ttf in Resources */,
				7BA29B3428888AD8004C2AFC /* Gaegu-Bold.ttf in Resources */,
				7BA29AE42887393F004C2AFC /* LaunchScreen.storyboard in Resources */,
				7BA29AE12887393F004C2AFC /* Assets.xcassets in Resources */,
				7BA29ADC2887393D004C2AFC /* Main.storyboard in Resources */,
			);
			runOnlyForDeploymentPostprocessing = 0;
		};
		7BA29AE82887393F004C2AFC /* Resources */ = {
			isa = PBXResourcesBuildPhase;
			buildActionMask = 2147483647;
			files = (
			);
			runOnlyForDeploymentPostprocessing = 0;
		};
		7BA29AF22887393F004C2AFC /* Resources */ = {
			isa = PBXResourcesBuildPhase;
			buildActionMask = 2147483647;
			files = (
			);
			runOnlyForDeploymentPostprocessing = 0;
		};
/* End PBXResourcesBuildPhase section */

/* Begin PBXSourcesBuildPhase section */
		7BA29ACD2887393D004C2AFC /* Sources */ = {
			isa = PBXSourcesBuildPhase;
			buildActionMask = 2147483647;
			files = (
				7BA29ADF2887393D004C2AFC /* Bloom___Final_Project.xcdatamodeld in Sources */,
				7BA29AD92887393D004C2AFC /* ViewController.swift in Sources */,
				7BA29AD52887393D004C2AFC /* AppDelegate.swift in Sources */,
				8542B7D328892E4B00DBAE02 /* CompleteToDoViewController.swift in Sources */,
				8542B7D128891A3200DBAE02 /* ToDo.swift in Sources */,
				7BA29AD72887393D004C2AFC /* SceneDelegate.swift in Sources */,
				7BA29B38288A339E004C2AFC /* QuizViewController.swift in Sources */,
				BD66B4272889D4AC008AA1AD /* PetitionsViewController.swift in Sources */,
				8542B7CF28891A0100DBAE02 /* ToDoTableViewController.swift in Sources */,
				7BA29B3A288A4500004C2AFC /* EmailViewController.swift in Sources */,
			);
			runOnlyForDeploymentPostprocessing = 0;
		};
		7BA29AE62887393F004C2AFC /* Sources */ = {
			isa = PBXSourcesBuildPhase;
			buildActionMask = 2147483647;
			files = (
				7BA29AEF2887393F004C2AFC /* Bloom___Final_ProjectTests.swift in Sources */,
			);
			runOnlyForDeploymentPostprocessing = 0;
		};
		7BA29AF02887393F004C2AFC /* Sources */ = {
			isa = PBXSourcesBuildPhase;
			buildActionMask = 2147483647;
			files = (
				7BA29AF92887393F004C2AFC /* Bloom___Final_ProjectUITests.swift in Sources */,
				7BA29AFB2887393F004C2AFC /* Bloom___Final_ProjectUITestsLaunchTests.swift in Sources */,
			);
			runOnlyForDeploymentPostprocessing = 0;
		};
/* End PBXSourcesBuildPhase section */

/* Begin PBXTargetDependency section */
		7BA29AEC2887393F004C2AFC /* PBXTargetDependency */ = {
			isa = PBXTargetDependency;
			target = 7BA29AD02887393D004C2AFC /* Bloom - Final Project */;
			targetProxy = 7BA29AEB2887393F004C2AFC /* PBXContainerItemProxy */;
		};
		7BA29AF62887393F004C2AFC /* PBXTargetDependency */ = {
			isa = PBXTargetDependency;
			target = 7BA29AD02887393D004C2AFC /* Bloom - Final Project */;
			targetProxy = 7BA29AF52887393F004C2AFC /* PBXContainerItemProxy */;
		};
/* End PBXTargetDependency section */

/* Begin PBXVariantGroup section */
		7BA29ADA2887393D004C2AFC /* Main.storyboard */ = {
			isa = PBXVariantGroup;
			children = (
				7BA29ADB2887393D004C2AFC /* Base */,
			);
			name = Main.storyboard;
			sourceTree = "<group>";
		};
		7BA29AE22887393F004C2AFC /* LaunchScreen.storyboard */ = {
			isa = PBXVariantGroup;
			children = (
				7BA29AE32887393F004C2AFC /* Base */,
			);
			name = LaunchScreen.storyboard;
			sourceTree = "<group>";
		};
/* End PBXVariantGroup section */

/* Begin XCBuildConfiguration section */
		7BA29AFC2887393F004C2AFC /* Debug */ = {
			isa = XCBuildConfiguration;
			buildSettings = {
				ALWAYS_SEARCH_USER_PATHS = NO;
				CLANG_ANALYZER_NONNULL = YES;
				CLANG_ANALYZER_NUMBER_OBJECT_CONVERSION = YES_AGGRESSIVE;
				CLANG_CXX_LANGUAGE_STANDARD = "gnu++17";
				CLANG_ENABLE_MODULES = YES;
				CLANG_ENABLE_OBJC_ARC = YES;
				CLANG_ENABLE_OBJC_WEAK = YES;
				CLANG_WARN_BLOCK_CAPTURE_AUTORELEASING = YES;
				CLANG_WARN_BOOL_CONVERSION = YES;
				CLANG_WARN_COMMA = YES;
				CLANG_WARN_CONSTANT_CONVERSION = YES;
				CLANG_WARN_DEPRECATED_OBJC_IMPLEMENTATIONS = YES;
				CLANG_WARN_DIRECT_OBJC_ISA_USAGE = YES_ERROR;
				CLANG_WARN_DOCUMENTATION_COMMENTS = YES;
				CLANG_WARN_EMPTY_BODY = YES;
				CLANG_WARN_ENUM_CONVERSION = YES;
				CLANG_WARN_INFINITE_RECURSION = YES;
				CLANG_WARN_INT_CONVERSION = YES;
				CLANG_WARN_NON_LITERAL_NULL_CONVERSION = YES;
				CLANG_WARN_OBJC_IMPLICIT_RETAIN_SELF = YES;
				CLANG_WARN_OBJC_LITERAL_CONVERSION = YES;
				CLANG_WARN_OBJC_ROOT_CLASS = YES_ERROR;
				CLANG_WARN_QUOTED_INCLUDE_IN_FRAMEWORK_HEADER = YES;
				CLANG_WARN_RANGE_LOOP_ANALYSIS = YES;
				CLANG_WARN_STRICT_PROTOTYPES = YES;
				CLANG_WARN_SUSPICIOUS_MOVE = YES;
				CLANG_WARN_UNGUARDED_AVAILABILITY = YES_AGGRESSIVE;
				CLANG_WARN_UNREACHABLE_CODE = YES;
				CLANG_WARN__DUPLICATE_METHOD_MATCH = YES;
				COPY_PHASE_STRIP = NO;
				DEBUG_INFORMATION_FORMAT = dwarf;
				ENABLE_STRICT_OBJC_MSGSEND = YES;
				ENABLE_TESTABILITY = YES;
				GCC_C_LANGUAGE_STANDARD = gnu11;
				GCC_DYNAMIC_NO_PIC = NO;
				GCC_NO_COMMON_BLOCKS = YES;
				GCC_OPTIMIZATION_LEVEL = 0;
				GCC_PREPROCESSOR_DEFINITIONS = (
					"DEBUG=1",
					"$(inherited)",
				);
				GCC_WARN_64_TO_32_BIT_CONVERSION = YES;
				GCC_WARN_ABOUT_RETURN_TYPE = YES_ERROR;
				GCC_WARN_UNDECLARED_SELECTOR = YES;
				GCC_WARN_UNINITIALIZED_AUTOS = YES_AGGRESSIVE;
				GCC_WARN_UNUSED_FUNCTION = YES;
				GCC_WARN_UNUSED_VARIABLE = YES;
				IPHONEOS_DEPLOYMENT_TARGET = 15.5;
				MTL_ENABLE_DEBUG_INFO = INCLUDE_SOURCE;
				MTL_FAST_MATH = YES;
				ONLY_ACTIVE_ARCH = YES;
				SDKROOT = iphoneos;
				SWIFT_ACTIVE_COMPILATION_CONDITIONS = DEBUG;
				SWIFT_OPTIMIZATION_LEVEL = "-Onone";
			};
			name = Debug;
		};
		7BA29AFD2887393F004C2AFC /* Release */ = {
			isa = XCBuildConfiguration;
			buildSettings = {
				ALWAYS_SEARCH_USER_PATHS = NO;
				CLANG_ANALYZER_NONNULL = YES;
				CLANG_ANALYZER_NUMBER_OBJECT_CONVERSION = YES_AGGRESSIVE;
				CLANG_CXX_LANGUAGE_STANDARD = "gnu++17";
				CLANG_ENABLE_MODULES = YES;
				CLANG_ENABLE_OBJC_ARC = YES;
				CLANG_ENABLE_OBJC_WEAK = YES;
				CLANG_WARN_BLOCK_CAPTURE_AUTORELEASING = YES;
				CLANG_WARN_BOOL_CONVERSION = YES;
				CLANG_WARN_COMMA = YES;
				CLANG_WARN_CONSTANT_CONVERSION = YES;
				CLANG_WARN_DEPRECATED_OBJC_IMPLEMENTATIONS = YES;
				CLANG_WARN_DIRECT_OBJC_ISA_USAGE = YES_ERROR;
				CLANG_WARN_DOCUMENTATION_COMMENTS = YES;
				CLANG_WARN_EMPTY_BODY = YES;
				CLANG_WARN_ENUM_CONVERSION = YES;
				CLANG_WARN_INFINITE_RECURSION = YES;
				CLANG_WARN_INT_CONVERSION = YES;
				CLANG_WARN_NON_LITERAL_NULL_CONVERSION = YES;
				CLANG_WARN_OBJC_IMPLICIT_RETAIN_SELF = YES;
				CLANG_WARN_OBJC_LITERAL_CONVERSION = YES;
				CLANG_WARN_OBJC_ROOT_CLASS = YES_ERROR;
				CLANG_WARN_QUOTED_INCLUDE_IN_FRAMEWORK_HEADER = YES;
				CLANG_WARN_RANGE_LOOP_ANALYSIS = YES;
				CLANG_WARN_STRICT_PROTOTYPES = YES;
				CLANG_WARN_SUSPICIOUS_MOVE = YES;
				CLANG_WARN_UNGUARDED_AVAILABILITY = YES_AGGRESSIVE;
				CLANG_WARN_UNREACHABLE_CODE = YES;
				CLANG_WARN__DUPLICATE_METHOD_MATCH = YES;
				COPY_PHASE_STRIP = NO;
				DEBUG_INFORMATION_FORMAT = "dwarf-with-dsym";
				ENABLE_NS_ASSERTIONS = NO;
				ENABLE_STRICT_OBJC_MSGSEND = YES;
				GCC_C_LANGUAGE_STANDARD = gnu11;
				GCC_NO_COMMON_BLOCKS = YES;
				GCC_WARN_64_TO_32_BIT_CONVERSION = YES;
				GCC_WARN_ABOUT_RETURN_TYPE = YES_ERROR;
				GCC_WARN_UNDECLARED_SELECTOR = YES;
				GCC_WARN_UNINITIALIZED_AUTOS = YES_AGGRESSIVE;
				GCC_WARN_UNUSED_FUNCTION = YES;
				GCC_WARN_UNUSED_VARIABLE = YES;
				IPHONEOS_DEPLOYMENT_TARGET = 15.5;
				MTL_ENABLE_DEBUG_INFO = NO;
				MTL_FAST_MATH = YES;
				SDKROOT = iphoneos;
				SWIFT_COMPILATION_MODE = wholemodule;
				SWIFT_OPTIMIZATION_LEVEL = "-O";
				VALIDATE_PRODUCT = YES;
			};
			name = Release;
		};
		7BA29AFF2887393F004C2AFC /* Debug */ = {
			isa = XCBuildConfiguration;
			buildSettings = {
				ASSETCATALOG_COMPILER_APPICON_NAME = AppIcon;
				ASSETCATALOG_COMPILER_GLOBAL_ACCENT_COLOR_NAME = AccentColor;
				CODE_SIGN_STYLE = Automatic;
				CURRENT_PROJECT_VERSION = 1;
				GENERATE_INFOPLIST_FILE = YES;
				INFOPLIST_FILE = "Bloom - Final Project/Info.plist";
				INFOPLIST_KEY_UIApplicationSupportsIndirectInputEvents = YES;
				INFOPLIST_KEY_UILaunchStoryboardName = LaunchScreen;
				INFOPLIST_KEY_UIMainStoryboardFile = Main;
				INFOPLIST_KEY_UISupportedInterfaceOrientations_iPad = "UIInterfaceOrientationPortrait UIInterfaceOrientationPortraitUpsideDown UIInterfaceOrientationLandscapeLeft UIInterfaceOrientationLandscapeRight";
				INFOPLIST_KEY_UISupportedInterfaceOrientations_iPhone = "UIInterfaceOrientationPortrait UIInterfaceOrientationLandscapeLeft UIInterfaceOrientationLandscapeRight";
				LD_RUNPATH_SEARCH_PATHS = (
					"$(inherited)",
					"@executable_path/Frameworks",
				);
				MARKETING_VERSION = 1.0;
				PRODUCT_BUNDLE_IDENTIFIER = "kwk.Bloom---Final-Project";
				PRODUCT_NAME = "$(TARGET_NAME)";
				SWIFT_EMIT_LOC_STRINGS = YES;
				SWIFT_VERSION = 5.0;
				TARGETED_DEVICE_FAMILY = "1,2";
			};
			name = Debug;
		};
		7BA29B002887393F004C2AFC /* Release */ = {
			isa = XCBuildConfiguration;
			buildSettings = {
				ASSETCATALOG_COMPILER_APPICON_NAME = AppIcon;
				ASSETCATALOG_COMPILER_GLOBAL_ACCENT_COLOR_NAME = AccentColor;
				CODE_SIGN_STYLE = Automatic;
				CURRENT_PROJECT_VERSION = 1;
				GENERATE_INFOPLIST_FILE = YES;
				INFOPLIST_FILE = "Bloom - Final Project/Info.plist";
				INFOPLIST_KEY_UIApplicationSupportsIndirectInputEvents = YES;
				INFOPLIST_KEY_UILaunchStoryboardName = LaunchScreen;
				INFOPLIST_KEY_UIMainStoryboardFile = Main;
				INFOPLIST_KEY_UISupportedInterfaceOrientations_iPad = "UIInterfaceOrientationPortrait UIInterfaceOrientationPortraitUpsideDown UIInterfaceOrientationLandscapeLeft UIInterfaceOrientationLandscapeRight";
				INFOPLIST_KEY_UISupportedInterfaceOrientations_iPhone = "UIInterfaceOrientationPortrait UIInterfaceOrientationLandscapeLeft UIInterfaceOrientationLandscapeRight";
				LD_RUNPATH_SEARCH_PATHS = (
					"$(inherited)",
					"@executable_path/Frameworks",
				);
				MARKETING_VERSION = 1.0;
				PRODUCT_BUNDLE_IDENTIFIER = "kwk.Bloom---Final-Project";
				PRODUCT_NAME = "$(TARGET_NAME)";
				SWIFT_EMIT_LOC_STRINGS = YES;
				SWIFT_VERSION = 5.0;
				TARGETED_DEVICE_FAMILY = "1,2";
			};
			name = Release;
		};
		7BA29B022887393F004C2AFC /* Debug */ = {
			isa = XCBuildConfiguration;
			buildSettings = {
				ALWAYS_EMBED_SWIFT_STANDARD_LIBRARIES = YES;
				BUNDLE_LOADER = "$(TEST_HOST)";
				CODE_SIGN_STYLE = Automatic;
				CURRENT_PROJECT_VERSION = 1;
				GENERATE_INFOPLIST_FILE = YES;
				IPHONEOS_DEPLOYMENT_TARGET = 15.5;
				MARKETING_VERSION = 1.0;
				PRODUCT_BUNDLE_IDENTIFIER = "kwk.Bloom---Final-ProjectTests";
				PRODUCT_NAME = "$(TARGET_NAME)";
				SWIFT_EMIT_LOC_STRINGS = NO;
				SWIFT_VERSION = 5.0;
				TARGETED_DEVICE_FAMILY = "1,2";
				TEST_HOST = "$(BUILT_PRODUCTS_DIR)/Bloom - Final Project.app/Bloom - Final Project";
			};
			name = Debug;
		};
		7BA29B032887393F004C2AFC /* Release */ = {
			isa = XCBuildConfiguration;
			buildSettings = {
				ALWAYS_EMBED_SWIFT_STANDARD_LIBRARIES = YES;
				BUNDLE_LOADER = "$(TEST_HOST)";
				CODE_SIGN_STYLE = Automatic;
				CURRENT_PROJECT_VERSION = 1;
				GENERATE_INFOPLIST_FILE = YES;
				IPHONEOS_DEPLOYMENT_TARGET = 15.5;
				MARKETING_VERSION = 1.0;
				PRODUCT_BUNDLE_IDENTIFIER = "kwk.Bloom---Final-ProjectTests";
				PRODUCT_NAME = "$(TARGET_NAME)";
				SWIFT_EMIT_LOC_STRINGS = NO;
				SWIFT_VERSION = 5.0;
				TARGETED_DEVICE_FAMILY = "1,2";
				TEST_HOST = "$(BUILT_PRODUCTS_DIR)/Bloom - Final Project.app/Bloom - Final Project";
			};
			name = Release;
		};
		7BA29B052887393F004C2AFC /* Debug */ = {
			isa = XCBuildConfiguration;
			buildSettings = {
				ALWAYS_EMBED_SWIFT_STANDARD_LIBRARIES = YES;
				CODE_SIGN_STYLE = Automatic;
				CURRENT_PROJECT_VERSION = 1;
				GENERATE_INFOPLIST_FILE = YES;
				MARKETING_VERSION = 1.0;
				PRODUCT_BUNDLE_IDENTIFIER = "kwk.Bloom---Final-ProjectUITests";
				PRODUCT_NAME = "$(TARGET_NAME)";
				SWIFT_EMIT_LOC_STRINGS = NO;
				SWIFT_VERSION = 5.0;
				TARGETED_DEVICE_FAMILY = "1,2";
				TEST_TARGET_NAME = "Bloom - Final Project";
			};
			name = Debug;
		};
		7BA29B062887393F004C2AFC /* Release */ = {
			isa = XCBuildConfiguration;
			buildSettings = {
				ALWAYS_EMBED_SWIFT_STANDARD_LIBRARIES = YES;
				CODE_SIGN_STYLE = Automatic;
				CURRENT_PROJECT_VERSION = 1;
				GENERATE_INFOPLIST_FILE = YES;
				MARKETING_VERSION = 1.0;
				PRODUCT_BUNDLE_IDENTIFIER = "kwk.Bloom---Final-ProjectUITests";
				PRODUCT_NAME = "$(TARGET_NAME)";
				SWIFT_EMIT_LOC_STRINGS = NO;
				SWIFT_VERSION = 5.0;
				TARGETED_DEVICE_FAMILY = "1,2";
				TEST_TARGET_NAME = "Bloom - Final Project";
			};
			name = Release;
		};
/* End XCBuildConfiguration section */

/* Begin XCConfigurationList section */
		7BA29ACC2887393D004C2AFC /* Build configuration list for PBXProject "Bloom - Final Project" */ = {
			isa = XCConfigurationList;
			buildConfigurations = (
				7BA29AFC2887393F004C2AFC /* Debug */,
				7BA29AFD2887393F004C2AFC /* Release */,
			);
			defaultConfigurationIsVisible = 0;
			defaultConfigurationName = Release;
		};
		7BA29AFE2887393F004C2AFC /* Build configuration list for PBXNativeTarget "Bloom - Final Project" */ = {
			isa = XCConfigurationList;
			buildConfigurations = (
				7BA29AFF2887393F004C2AFC /* Debug */,
				7BA29B002887393F004C2AFC /* Release */,
			);
			defaultConfigurationIsVisible = 0;
			defaultConfigurationName = Release;
		};
		7BA29B012887393F004C2AFC /* Build configuration list for PBXNativeTarget "Bloom - Final ProjectTests" */ = {
			isa = XCConfigurationList;
			buildConfigurations = (
				7BA29B022887393F004C2AFC /* Debug */,
				7BA29B032887393F004C2AFC /* Release */,
			);
			defaultConfigurationIsVisible = 0;
			defaultConfigurationName = Release;
		};
		7BA29B042887393F004C2AFC /* Build configuration list for PBXNativeTarget "Bloom - Final ProjectUITests" */ = {
			isa = XCConfigurationList;
			buildConfigurations = (
				7BA29B052887393F004C2AFC /* Debug */,
				7BA29B062887393F004C2AFC /* Release */,
			);
			defaultConfigurationIsVisible = 0;
			defaultConfigurationName = Release;
		};
/* End XCConfigurationList section */

/* Begin XCVersionGroup section */
		7BA29ADD2887393D004C2AFC /* Bloom___Final_Project.xcdatamodeld */ = {
			isa = XCVersionGroup;
			children = (
				7BA29ADE2887393D004C2AFC /* Bloom___Final_Project.xcdatamodel */,
			);
			currentVersion = 7BA29ADE2887393D004C2AFC /* Bloom___Final_Project.xcdatamodel */;
			path = "Bloom___Final_Project.xcdatamodeld";
			sourceTree = "<group>";
			versionGroupType = wrapper.xcdatamodel;
		};
/* End XCVersionGroup section */
	};
	rootObject = 7BA29AC92887393D004C2AFC /* Project object */;
}
